// !$*UTF8*$!
{
	archiveVersion = 1;
	classes = {
	};
	objectVersion = 60;
	objects = {

/* Begin PBXBuildFile section */
		67077000281C405900693384 /* ButterflyImagingKitExampleApp.swift in Sources */ = {isa = PBXBuildFile; fileRef = 67076FFF281C405900693384 /* ButterflyImagingKitExampleApp.swift */; };
		67077002281C405900693384 /* ContentView.swift in Sources */ = {isa = PBXBuildFile; fileRef = 67077001281C405900693384 /* ContentView.swift */; };
		67077004281C405B00693384 /* Assets.xcassets in Resources */ = {isa = PBXBuildFile; fileRef = 67077003281C405B00693384 /* Assets.xcassets */; };
		67077007281C405B00693384 /* Preview Assets.xcassets in Resources */ = {isa = PBXBuildFile; fileRef = 67077006281C405B00693384 /* Preview Assets.xcassets */; };
		67266B4C29396E2D009EA5E6 /* Helpers.swift in Sources */ = {isa = PBXBuildFile; fileRef = 67266B4A29396E2D009EA5E6 /* Helpers.swift */; };
		67266B4D29396E2D009EA5E6 /* Model.swift in Sources */ = {isa = PBXBuildFile; fileRef = 67266B4B29396E2D009EA5E6 /* Model.swift */; };
		679545E92B619C5900DD2DB7 /* QuickStartView.swift in Sources */ = {isa = PBXBuildFile; fileRef = 679545E82B619C5900DD2DB7 /* QuickStartView.swift */; };
		67B1DE0928B041F6008487FD /* ButterflyImagingKit in Frameworks */ = {isa = PBXBuildFile; productRef = 67B1DE0828B041F6008487FD /* ButterflyImagingKit */; };
/* End PBXBuildFile section */

/* Begin PBXFileReference section */
		67076FFC281C405900693384 /* ButterflyImagingKitExample.app */ = {isa = PBXFileReference; explicitFileType = wrapper.application; includeInIndex = 0; path = ButterflyImagingKitExample.app; sourceTree = BUILT_PRODUCTS_DIR; };
		67076FFF281C405900693384 /* ButterflyImagingKitExampleApp.swift */ = {isa = PBXFileReference; lastKnownFileType = sourcecode.swift; path = ButterflyImagingKitExampleApp.swift; sourceTree = "<group>"; };
		67077001281C405900693384 /* ContentView.swift */ = {isa = PBXFileReference; lastKnownFileType = sourcecode.swift; path = ContentView.swift; sourceTree = "<group>"; };
		67077003281C405B00693384 /* Assets.xcassets */ = {isa = PBXFileReference; lastKnownFileType = folder.assetcatalog; path = Assets.xcassets; sourceTree = "<group>"; };
		67077006281C405B00693384 /* Preview Assets.xcassets */ = {isa = PBXFileReference; lastKnownFileType = folder.assetcatalog; path = "Preview Assets.xcassets"; sourceTree = "<group>"; };
		67266B4A29396E2D009EA5E6 /* Helpers.swift */ = {isa = PBXFileReference; fileEncoding = 4; lastKnownFileType = sourcecode.swift; path = Helpers.swift; sourceTree = "<group>"; };
		67266B4B29396E2D009EA5E6 /* Model.swift */ = {isa = PBXFileReference; fileEncoding = 4; lastKnownFileType = sourcecode.swift; path = Model.swift; sourceTree = "<group>"; };
		679545E82B619C5900DD2DB7 /* QuickStartView.swift */ = {isa = PBXFileReference; fileEncoding = 4; lastKnownFileType = sourcecode.swift; path = QuickStartView.swift; sourceTree = "<group>"; };
		67EE72D62822CFD2009DD4DA /* Info.plist */ = {isa = PBXFileReference; lastKnownFileType = text.plist; path = Info.plist; sourceTree = "<group>"; };
/* End PBXFileReference section */

/* Begin PBXFrameworksBuildPhase section */
		67076FF9281C405900693384 /* Frameworks */ = {
			isa = PBXFrameworksBuildPhase;
			buildActionMask = 2147483647;
			files = (
				67B1DE0928B041F6008487FD /* ButterflyImagingKit in Frameworks */,
			);
			runOnlyForDeploymentPostprocessing = 0;
		};
/* End PBXFrameworksBuildPhase section */

/* Begin PBXGroup section */
		67076FF3281C405900693384 = {
			isa = PBXGroup;
			children = (
				67076FFE281C405900693384 /* ButterflyImagingKitExample */,
				67076FFD281C405900693384 /* Products */,
				67D6868A281C51A000086514 /* Frameworks */,
			);
			sourceTree = "<group>";
		};
		67076FFD281C405900693384 /* Products */ = {
			isa = PBXGroup;
			children = (
				67076FFC281C405900693384 /* ButterflyImagingKitExample.app */,
			);
			name = Products;
			sourceTree = "<group>";
		};
		67076FFE281C405900693384 /* ButterflyImagingKitExample */ = {
			isa = PBXGroup;
			children = (
				67EE72D62822CFD2009DD4DA /* Info.plist */,
				67076FFF281C405900693384 /* ButterflyImagingKitExampleApp.swift */,
				67077001281C405900693384 /* ContentView.swift */,
				67266B4A29396E2D009EA5E6 /* Helpers.swift */,
				67266B4B29396E2D009EA5E6 /* Model.swift */,
				679545E82B619C5900DD2DB7 /* QuickStartView.swift */,
				67077003281C405B00693384 /* Assets.xcassets */,
				67077005281C405B00693384 /* Preview Content */,
			);
			path = ButterflyImagingKitExample;
			sourceTree = "<group>";
		};
		67077005281C405B00693384 /* Preview Content */ = {
			isa = PBXGroup;
			children = (
				67077006281C405B00693384 /* Preview Assets.xcassets */,
			);
			path = "Preview Content";
			sourceTree = "<group>";
		};
		67D6868A281C51A000086514 /* Frameworks */ = {
			isa = PBXGroup;
			children = (
			);
			name = Frameworks;
			sourceTree = "<group>";
		};
/* End PBXGroup section */

/* Begin PBXNativeTarget section */
		67076FFB281C405900693384 /* ButterflyImagingKitExample */ = {
			isa = PBXNativeTarget;
			buildConfigurationList = 6707700A281C405B00693384 /* Build configuration list for PBXNativeTarget "ButterflyImagingKitExample" */;
			buildPhases = (
				67076FF8281C405900693384 /* Sources */,
				67076FF9281C405900693384 /* Frameworks */,
				67076FFA281C405900693384 /* Resources */,
			);
			buildRules = (
			);
			dependencies = (
			);
			name = ButterflyImagingKitExample;
			packageProductDependencies = (
				67B1DE0828B041F6008487FD /* ButterflyImagingKit */,
			);
			productName = ButterflyImagingKitExample;
			productReference = 67076FFC281C405900693384 /* ButterflyImagingKitExample.app */;
			productType = "com.apple.product-type.application";
		};
/* End PBXNativeTarget section */

/* Begin PBXProject section */
		67076FF4281C405900693384 /* Project object */ = {
			isa = PBXProject;
			attributes = {
				BuildIndependentTargetsInParallel = 1;
				LastSwiftUpdateCheck = 1330;
				LastUpgradeCheck = 1330;
				TargetAttributes = {
					67076FFB281C405900693384 = {
						CreatedOnToolsVersion = 13.3;
					};
				};
			};
			buildConfigurationList = 67076FF7281C405900693384 /* Build configuration list for PBXProject "ButterflyImagingKitExample" */;
			compatibilityVersion = "Xcode 15.0";
			developmentRegion = en;
			hasScannedForEncodings = 0;
			knownRegions = (
				en,
				Base,
			);
			mainGroup = 67076FF3281C405900693384;
			packageReferences = (
				67B1DE0728B041F6008487FD /* XCRemoteSwiftPackageReference "ImagingSDK-iOS" */,
			);
			productRefGroup = 67076FFD281C405900693384 /* Products */;
			projectDirPath = "";
			projectRoot = "";
			targets = (
				67076FFB281C405900693384 /* ButterflyImagingKitExample */,
			);
		};
/* End PBXProject section */

/* Begin PBXResourcesBuildPhase section */
		67076FFA281C405900693384 /* Resources */ = {
			isa = PBXResourcesBuildPhase;
			buildActionMask = 2147483647;
			files = (
				67077007281C405B00693384 /* Preview Assets.xcassets in Resources */,
				67077004281C405B00693384 /* Assets.xcassets in Resources */,
			);
			runOnlyForDeploymentPostprocessing = 0;
		};
/* End PBXResourcesBuildPhase section */

/* Begin PBXSourcesBuildPhase section */
		67076FF8281C405900693384 /* Sources */ = {
			isa = PBXSourcesBuildPhase;
			buildActionMask = 2147483647;
			files = (
				67077002281C405900693384 /* ContentView.swift in Sources */,
				679545E92B619C5900DD2DB7 /* QuickStartView.swift in Sources */,
				67266B4C29396E2D009EA5E6 /* Helpers.swift in Sources */,
				67077000281C405900693384 /* ButterflyImagingKitExampleApp.swift in Sources */,
				67266B4D29396E2D009EA5E6 /* Model.swift in Sources */,
			);
			runOnlyForDeploymentPostprocessing = 0;
		};
/* End PBXSourcesBuildPhase section */

/* Begin XCBuildConfiguration section */
		67077008281C405B00693384 /* Debug */ = {
			isa = XCBuildConfiguration;
			buildSettings = {
				ALWAYS_SEARCH_USER_PATHS = NO;
				CLANG_ANALYZER_NONNULL = YES;
				CLANG_ANALYZER_NUMBER_OBJECT_CONVERSION = YES_AGGRESSIVE;
				CLANG_CXX_LANGUAGE_STANDARD = "gnu++17";
				CLANG_ENABLE_MODULES = YES;
				CLANG_ENABLE_OBJC_ARC = YES;
				CLANG_ENABLE_OBJC_WEAK = YES;
				CLANG_WARN_BLOCK_CAPTURE_AUTORELEASING = YES;
				CLANG_WARN_BOOL_CONVERSION = YES;
				CLANG_WARN_COMMA = YES;
				CLANG_WARN_CONSTANT_CONVERSION = YES;
				CLANG_WARN_DEPRECATED_OBJC_IMPLEMENTATIONS = YES;
				CLANG_WARN_DIRECT_OBJC_ISA_USAGE = YES_ERROR;
				CLANG_WARN_DOCUMENTATION_COMMENTS = YES;
				CLANG_WARN_EMPTY_BODY = YES;
				CLANG_WARN_ENUM_CONVERSION = YES;
				CLANG_WARN_INFINITE_RECURSION = YES;
				CLANG_WARN_INT_CONVERSION = YES;
				CLANG_WARN_NON_LITERAL_NULL_CONVERSION = YES;
				CLANG_WARN_OBJC_IMPLICIT_RETAIN_SELF = YES;
				CLANG_WARN_OBJC_LITERAL_CONVERSION = YES;
				CLANG_WARN_OBJC_ROOT_CLASS = YES_ERROR;
				CLANG_WARN_QUOTED_INCLUDE_IN_FRAMEWORK_HEADER = YES;
				CLANG_WARN_RANGE_LOOP_ANALYSIS = YES;
				CLANG_WARN_STRICT_PROTOTYPES = YES;
				CLANG_WARN_SUSPICIOUS_MOVE = YES;
				CLANG_WARN_UNGUARDED_AVAILABILITY = YES_AGGRESSIVE;
				CLANG_WARN_UNREACHABLE_CODE = YES;
				CLANG_WARN__DUPLICATE_METHOD_MATCH = YES;
				COPY_PHASE_STRIP = NO;
				DEBUG_INFORMATION_FORMAT = dwarf;
				ENABLE_STRICT_OBJC_MSGSEND = YES;
				ENABLE_TESTABILITY = YES;
				GCC_C_LANGUAGE_STANDARD = gnu11;
				GCC_DYNAMIC_NO_PIC = NO;
				GCC_NO_COMMON_BLOCKS = YES;
				GCC_OPTIMIZATION_LEVEL = 0;
				GCC_PREPROCESSOR_DEFINITIONS = (
					"DEBUG=1",
					"$(inherited)",
				);
				GCC_WARN_64_TO_32_BIT_CONVERSION = YES;
				GCC_WARN_ABOUT_RETURN_TYPE = YES_ERROR;
				GCC_WARN_UNDECLARED_SELECTOR = YES;
				GCC_WARN_UNINITIALIZED_AUTOS = YES_AGGRESSIVE;
				GCC_WARN_UNUSED_FUNCTION = YES;
				GCC_WARN_UNUSED_VARIABLE = YES;
				IPHONEOS_DEPLOYMENT_TARGET = 16.0;
				MTL_ENABLE_DEBUG_INFO = INCLUDE_SOURCE;
				MTL_FAST_MATH = YES;
				ONLY_ACTIVE_ARCH = YES;
				SDKROOT = iphoneos;
				SWIFT_ACTIVE_COMPILATION_CONDITIONS = DEBUG;
				SWIFT_OPTIMIZATION_LEVEL = "-Onone";
			};
			name = Debug;
		};
		67077009281C405B00693384 /* Release */ = {
			isa = XCBuildConfiguration;
			buildSettings = {
				ALWAYS_SEARCH_USER_PATHS = NO;
				CLANG_ANALYZER_NONNULL = YES;
				CLANG_ANALYZER_NUMBER_OBJECT_CONVERSION = YES_AGGRESSIVE;
				CLANG_CXX_LANGUAGE_STANDARD = "gnu++17";
				CLANG_ENABLE_MODULES = YES;
				CLANG_ENABLE_OBJC_ARC = YES;
				CLANG_ENABLE_OBJC_WEAK = YES;
				CLANG_WARN_BLOCK_CAPTURE_AUTORELEASING = YES;
				CLANG_WARN_BOOL_CONVERSION = YES;
				CLANG_WARN_COMMA = YES;
				CLANG_WARN_CONSTANT_CONVERSION = YES;
				CLANG_WARN_DEPRECATED_OBJC_IMPLEMENTATIONS = YES;
				CLANG_WARN_DIRECT_OBJC_ISA_USAGE = YES_ERROR;
				CLANG_WARN_DOCUMENTATION_COMMENTS = YES;
				CLANG_WARN_EMPTY_BODY = YES;
				CLANG_WARN_ENUM_CONVERSION = YES;
				CLANG_WARN_INFINITE_RECURSION = YES;
				CLANG_WARN_INT_CONVERSION = YES;
				CLANG_WARN_NON_LITERAL_NULL_CONVERSION = YES;
				CLANG_WARN_OBJC_IMPLICIT_RETAIN_SELF = YES;
				CLANG_WARN_OBJC_LITERAL_CONVERSION = YES;
				CLANG_WARN_OBJC_ROOT_CLASS = YES_ERROR;
				CLANG_WARN_QUOTED_INCLUDE_IN_FRAMEWORK_HEADER = YES;
				CLANG_WARN_RANGE_LOOP_ANALYSIS = YES;
				CLANG_WARN_STRICT_PROTOTYPES = YES;
				CLANG_WARN_SUSPICIOUS_MOVE = YES;
				CLANG_WARN_UNGUARDED_AVAILABILITY = YES_AGGRESSIVE;
				CLANG_WARN_UNREACHABLE_CODE = YES;
				CLANG_WARN__DUPLICATE_METHOD_MATCH = YES;
				COPY_PHASE_STRIP = NO;
				DEBUG_INFORMATION_FORMAT = "dwarf-with-dsym";
				ENABLE_NS_ASSERTIONS = NO;
				ENABLE_STRICT_OBJC_MSGSEND = YES;
				GCC_C_LANGUAGE_STANDARD = gnu11;
				GCC_NO_COMMON_BLOCKS = YES;
				GCC_WARN_64_TO_32_BIT_CONVERSION = YES;
				GCC_WARN_ABOUT_RETURN_TYPE = YES_ERROR;
				GCC_WARN_UNDECLARED_SELECTOR = YES;
				GCC_WARN_UNINITIALIZED_AUTOS = YES_AGGRESSIVE;
				GCC_WARN_UNUSED_FUNCTION = YES;
				GCC_WARN_UNUSED_VARIABLE = YES;
				IPHONEOS_DEPLOYMENT_TARGET = 16.0;
				MTL_ENABLE_DEBUG_INFO = NO;
				MTL_FAST_MATH = YES;
				SDKROOT = iphoneos;
				SWIFT_COMPILATION_MODE = wholemodule;
				SWIFT_OPTIMIZATION_LEVEL = "-O";
				VALIDATE_PRODUCT = YES;
			};
			name = Release;
		};
		6707700B281C405B00693384 /* Debug */ = {
			isa = XCBuildConfiguration;
			buildSettings = {
				ASSETCATALOG_COMPILER_APPICON_NAME = AppIcon;
				ASSETCATALOG_COMPILER_GLOBAL_ACCENT_COLOR_NAME = AccentColor;
				CODE_SIGN_STYLE = Automatic;
				CURRENT_PROJECT_VERSION = 1;
				DEVELOPMENT_ASSET_PATHS = "\"ButterflyImagingKitExample/Preview Content\"";
				DEVELOPMENT_TEAM = "";
				ENABLE_BITCODE = NO;
				ENABLE_PREVIEWS = YES;
				GENERATE_INFOPLIST_FILE = YES;
				INFOPLIST_FILE = ButterflyImagingKitExample/Info.plist;
				INFOPLIST_KEY_UIApplicationSceneManifest_Generation = YES;
				INFOPLIST_KEY_UIApplicationSupportsIndirectInputEvents = YES;
				INFOPLIST_KEY_UILaunchScreen_Generation = YES;
				INFOPLIST_KEY_UISupportedInterfaceOrientations_iPad = "UIInterfaceOrientationPortrait UIInterfaceOrientationPortraitUpsideDown UIInterfaceOrientationLandscapeLeft UIInterfaceOrientationLandscapeRight";
				INFOPLIST_KEY_UISupportedInterfaceOrientations_iPhone = "UIInterfaceOrientationPortrait UIInterfaceOrientationLandscapeLeft UIInterfaceOrientationLandscapeRight";
				LD_RUNPATH_SEARCH_PATHS = (
					"$(inherited)",
					"@executable_path/Frameworks",
				);
				MARKETING_VERSION = 1.2.3;
				PRODUCT_NAME = "$(TARGET_NAME)";
				SUPPORTED_PLATFORMS = "iphoneos iphonesimulator";
				SUPPORTS_MACCATALYST = NO;
				SUPPORTS_MAC_DESIGNED_FOR_IPHONE_IPAD = NO;
				SWIFT_EMIT_LOC_STRINGS = YES;
				SWIFT_VERSION = 5.0;
				TARGETED_DEVICE_FAMILY = "1,2";
			};
			name = Debug;
		};
		6707700C281C405B00693384 /* Release */ = {
			isa = XCBuildConfiguration;
			buildSettings = {
				ASSETCATALOG_COMPILER_APPICON_NAME = AppIcon;
				ASSETCATALOG_COMPILER_GLOBAL_ACCENT_COLOR_NAME = AccentColor;
				CODE_SIGN_STYLE = Automatic;
				CURRENT_PROJECT_VERSION = 1;
				DEVELOPMENT_ASSET_PATHS = "\"ButterflyImagingKitExample/Preview Content\"";
				DEVELOPMENT_TEAM = "";
				ENABLE_BITCODE = NO;
				ENABLE_PREVIEWS = YES;
				GENERATE_INFOPLIST_FILE = YES;
				INFOPLIST_FILE = ButterflyImagingKitExample/Info.plist;
				INFOPLIST_KEY_UIApplicationSceneManifest_Generation = YES;
				INFOPLIST_KEY_UIApplicationSupportsIndirectInputEvents = YES;
				INFOPLIST_KEY_UILaunchScreen_Generation = YES;
				INFOPLIST_KEY_UISupportedInterfaceOrientations_iPad = "UIInterfaceOrientationPortrait UIInterfaceOrientationPortraitUpsideDown UIInterfaceOrientationLandscapeLeft UIInterfaceOrientationLandscapeRight";
				INFOPLIST_KEY_UISupportedInterfaceOrientations_iPhone = "UIInterfaceOrientationPortrait UIInterfaceOrientationLandscapeLeft UIInterfaceOrientationLandscapeRight";
				LD_RUNPATH_SEARCH_PATHS = (
					"$(inherited)",
					"@executable_path/Frameworks",
				);
				MARKETING_VERSION = 1.2.3;
				PRODUCT_NAME = "$(TARGET_NAME)";
				SUPPORTED_PLATFORMS = "iphoneos iphonesimulator";
				SUPPORTS_MACCATALYST = NO;
				SUPPORTS_MAC_DESIGNED_FOR_IPHONE_IPAD = NO;
				SWIFT_EMIT_LOC_STRINGS = YES;
				SWIFT_VERSION = 5.0;
				TARGETED_DEVICE_FAMILY = "1,2";
			};
			name = Release;
		};
/* End XCBuildConfiguration section */

/* Begin XCConfigurationList section */
		67076FF7281C405900693384 /* Build configuration list for PBXProject "ButterflyImagingKitExample" */ = {
			isa = XCConfigurationList;
			buildConfigurations = (
				67077008281C405B00693384 /* Debug */,
				67077009281C405B00693384 /* Release */,
			);
			defaultConfigurationIsVisible = 0;
			defaultConfigurationName = Release;
		};
		6707700A281C405B00693384 /* Build configuration list for PBXNativeTarget "ButterflyImagingKitExample" */ = {
			isa = XCConfigurationList;
			buildConfigurations = (
				6707700B281C405B00693384 /* Debug */,
				6707700C281C405B00693384 /* Release */,
			);
			defaultConfigurationIsVisible = 0;
			defaultConfigurationName = Release;
		};
/* End XCConfigurationList section */

/* Begin XCRemoteSwiftPackageReference section */
		67B1DE0728B041F6008487FD /* XCRemoteSwiftPackageReference "ImagingSDK-iOS" */ = {
			isa = XCRemoteSwiftPackageReference;
			repositoryURL = "https://github.com/ButterflyNetwork/ImagingSDK-iOS";
			requirement = {
				kind = exactVersion;
				version = 1.2.3;
			};
		};
/* End XCRemoteSwiftPackageReference section */

/* Begin XCSwiftPackageProductDependency section */
		67B1DE0828B041F6008487FD /* ButterflyImagingKit */ = {
			isa = XCSwiftPackageProductDependency;
			package = 67B1DE0728B041F6008487FD /* XCRemoteSwiftPackageReference "ImagingSDK-iOS" */;
			productName = ButterflyImagingKit;
		};
/* End XCSwiftPackageProductDependency section */
	};
	rootObject = 67076FF4281C405900693384 /* Project object */;
}
